{
  "name": "colorsyntax",
  "version": "1.0.0",
  "lockfileVersion": 1,
  "requires": true,
  "dependencies": {
    "highlight": {
      "version": "0.2.4",
      "resolved": "https://registry.npmjs.org/highlight/-/highlight-0.2.4.tgz",
      "integrity": "sha1-isAodbA/WTXgZ1hSt2z+H9WODf8="
    },
    "highlightjs": {
      "version": "9.10.0",
      "resolved": "https://registry.npmjs.org/highlightjs/-/highlightjs-9.10.0.tgz",
      "integrity": "sha1-/Km3jdqjsavKidbD7hBa0nCoAZA="
    }
  }
}
